PODS:
  - NVActivityIndicatorView (3.6.1):
    - NVActivityIndicatorView/Presenter (= 3.6.1)
  - NVActivityIndicatorView/Presenter (3.6.1)

DEPENDENCIES:
  - NVActivityIndicatorView (from `../`)

EXTERNAL SOURCES:
  NVActivityIndicatorView:
    :path: "../"

SPEC CHECKSUMS:
  NVActivityIndicatorView: 9a21d766f5e049ceeaed89b36bb81d2ffc3768f4

PODFILE CHECKSUM: e5d164996aa6d71a0eda53503111c16d861ecbc6

COCOAPODS: 1.2.0
