PODS:
  - NVActivityIndicatorView (4.3.0):
    - NVActivityIndicatorView/Presenter (= 4.3.0)
  - NVActivityIndicatorView/Presenter (4.3.0)

DEPENDENCIES:
  - NVActivityIndicatorView (from `../`)

EXTERNAL SOURCES:
  NVActivityIndicatorView:
    :path: "../"

SPEC CHECKSUMS:
  NVActivityIndicatorView: ba1c936b77697f3a847af3677580a0e1a9f5ba64

PODFILE CHECKSUM: e5d164996aa6d71a0eda53503111c16d861ecbc6

COCOAPODS: 1.5.3
