// !$*UTF8*$!
{
	archiveVersion = 1;
	classes = {
	};
	objectVersion = 46;
	objects = {

/* Begin PBXBuildFile section */
		230C6FA81D0FE9E5007CD4E4 /* NVActivityIndicatorAnimationAudioEqualizer.swift in Sources */ = {isa = PBXBuildFile; fileRef = 230C6FA71D0FE9E5007CD4E4 /* NVActivityIndicatorAnimationAudioEqualizer.swift */; };
		233236811D0D80C9001F4703 /* NVActivityIndicatorAnimationOrbit.swift in Sources */ = {isa = PBXBuildFile; fileRef = 233236801D0D80C9001F4703 /* NVActivityIndicatorAnimationOrbit.swift */; };
		23688A3C1D805A1100B2A30B /* ActivityDataTests.swift in Sources */ = {isa = PBXBuildFile; fileRef = 23688A3B1D805A1100B2A30B /* ActivityDataTests.swift */; };
		23688A401D81A55500B2A30B /* NVActivityIndicatorPresenterTests.swift in Sources */ = {isa = PBXBuildFile; fileRef = 23688A3F1D81A55500B2A30B /* NVActivityIndicatorPresenterTests.swift */; };
		239CAB2B1B5EBB2E0051DC06 /* Main.storyboard in Resources */ = {isa = PBXBuildFile; fileRef = 239CAB291B5EBB2E0051DC06 /* Main.storyboard */; };
		239CAB2D1B5EBB2E0051DC06 /* Images.xcassets in Resources */ = {isa = PBXBuildFile; fileRef = 239CAB2C1B5EBB2E0051DC06 /* Images.xcassets */; };
		239CAB301B5EBB2E0051DC06 /* LaunchScreen.xib in Resources */ = {isa = PBXBuildFile; fileRef = 239CAB2E1B5EBB2E0051DC06 /* LaunchScreen.xib */; };
		23B201041D7DADBF00130679 /* AppDelegate.swift in Sources */ = {isa = PBXBuildFile; fileRef = 239CAB251B5EBB2E0051DC06 /* AppDelegate.swift */; };
		23B201051D7DADBF00130679 /* ViewController.swift in Sources */ = {isa = PBXBuildFile; fileRef = 239CAB271B5EBB2E0051DC06 /* ViewController.swift */; };
		23B201071D7DADCD00130679 /* NVActivityIndicatorView.framework in Frameworks */ = {isa = PBXBuildFile; fileRef = 90A8792F1BA554A0001C8989 /* NVActivityIndicatorView.framework */; };
		23B6C6051D7AD28500C90328 /* NVActivityIndicatorTypeTests.swift in Sources */ = {isa = PBXBuildFile; fileRef = 23B6C6041D7AD28500C90328 /* NVActivityIndicatorTypeTests.swift */; };
		23FB13521D76D5370096EBE3 /* NVActivityIndicatorViewTests.swift in Sources */ = {isa = PBXBuildFile; fileRef = 23FB13511D76D5370096EBE3 /* NVActivityIndicatorViewTests.swift */; };
		23FB13541D76D5370096EBE3 /* NVActivityIndicatorView.framework in Frameworks */ = {isa = PBXBuildFile; fileRef = 90A8792F1BA554A0001C8989 /* NVActivityIndicatorView.framework */; };
		46361A7E1D775B7100E4DB4D /* NVActivityIndicatorPresenter.swift in Sources */ = {isa = PBXBuildFile; fileRef = 46361A7D1D775B7100E4DB4D /* NVActivityIndicatorPresenter.swift */; };
		8B1EEC821CF723E100AE054B /* NVActivityIndicatorViewable.swift in Sources */ = {isa = PBXBuildFile; fileRef = 8B1EEC811CF723E100AE054B /* NVActivityIndicatorViewable.swift */; };
		90A879341BA554A0001C8989 /* NVActivityIndicatorView.h in Headers */ = {isa = PBXBuildFile; fileRef = 90A879331BA554A0001C8989 /* NVActivityIndicatorView.h */; settings = {ATTRIBUTES = (Public, ); }; };
		90A879891BA55798001C8989 /* NVActivityIndicatorAnimationBallBeat.swift in Sources */ = {isa = PBXBuildFile; fileRef = 90A879691BA55798001C8989 /* NVActivityIndicatorAnimationBallBeat.swift */; };
		90A8798A1BA55798001C8989 /* NVActivityIndicatorAnimationBallClipRotate.swift in Sources */ = {isa = PBXBuildFile; fileRef = 90A8796A1BA55798001C8989 /* NVActivityIndicatorAnimationBallClipRotate.swift */; };
		90A8798B1BA55798001C8989 /* NVActivityIndicatorAnimationBallClipRotateMultiple.swift in Sources */ = {isa = PBXBuildFile; fileRef = 90A8796B1BA55798001C8989 /* NVActivityIndicatorAnimationBallClipRotateMultiple.swift */; };
		90A8798C1BA55798001C8989 /* NVActivityIndicatorAnimationBallClipRotatePulse.swift in Sources */ = {isa = PBXBuildFile; fileRef = 90A8796C1BA55798001C8989 /* NVActivityIndicatorAnimationBallClipRotatePulse.swift */; };
		90A8798D1BA55798001C8989 /* NVActivityIndicatorAnimationBallGridBeat.swift in Sources */ = {isa = PBXBuildFile; fileRef = 90A8796D1BA55798001C8989 /* NVActivityIndicatorAnimationBallGridBeat.swift */; };
		90A8798E1BA55798001C8989 /* NVActivityIndicatorAnimationBallGridPulse.swift in Sources */ = {isa = PBXBuildFile; fileRef = 90A8796E1BA55798001C8989 /* NVActivityIndicatorAnimationBallGridPulse.swift */; };
		90A8798F1BA55798001C8989 /* NVActivityIndicatorAnimationBallPulse.swift in Sources */ = {isa = PBXBuildFile; fileRef = 90A8796F1BA55798001C8989 /* NVActivityIndicatorAnimationBallPulse.swift */; };
		90A879901BA55798001C8989 /* NVActivityIndicatorAnimationBallPulseRise.swift in Sources */ = {isa = PBXBuildFile; fileRef = 90A879701BA55798001C8989 /* NVActivityIndicatorAnimationBallPulseRise.swift */; };
		90A879911BA55798001C8989 /* NVActivityIndicatorAnimationBallPulseSync.swift in Sources */ = {isa = PBXBuildFile; fileRef = 90A879711BA55798001C8989 /* NVActivityIndicatorAnimationBallPulseSync.swift */; };
		90A879921BA55798001C8989 /* NVActivityIndicatorAnimationBallRotate.swift in Sources */ = {isa = PBXBuildFile; fileRef = 90A879721BA55798001C8989 /* NVActivityIndicatorAnimationBallRotate.swift */; };
		90A879931BA55798001C8989 /* NVActivityIndicatorAnimationBallScale.swift in Sources */ = {isa = PBXBuildFile; fileRef = 90A879731BA55798001C8989 /* NVActivityIndicatorAnimationBallScale.swift */; };
		90A879941BA55798001C8989 /* NVActivityIndicatorAnimationBallScaleMultiple.swift in Sources */ = {isa = PBXBuildFile; fileRef = 90A879741BA55798001C8989 /* NVActivityIndicatorAnimationBallScaleMultiple.swift */; };
		90A879951BA55798001C8989 /* NVActivityIndicatorAnimationBallScaleRipple.swift in Sources */ = {isa = PBXBuildFile; fileRef = 90A879751BA55798001C8989 /* NVActivityIndicatorAnimationBallScaleRipple.swift */; };
		90A879961BA55798001C8989 /* NVActivityIndicatorAnimationBallScaleRippleMultiple.swift in Sources */ = {isa = PBXBuildFile; fileRef = 90A879761BA55798001C8989 /* NVActivityIndicatorAnimationBallScaleRippleMultiple.swift */; };
		90A879971BA55798001C8989 /* NVActivityIndicatorAnimationBallSpinFadeLoader.swift in Sources */ = {isa = PBXBuildFile; fileRef = 90A879771BA55798001C8989 /* NVActivityIndicatorAnimationBallSpinFadeLoader.swift */; };
		90A879981BA55798001C8989 /* NVActivityIndicatorAnimationBallTrianglePath.swift in Sources */ = {isa = PBXBuildFile; fileRef = 90A879781BA55798001C8989 /* NVActivityIndicatorAnimationBallTrianglePath.swift */; };
		90A879991BA55798001C8989 /* NVActivityIndicatorAnimationBallZigZag.swift in Sources */ = {isa = PBXBuildFile; fileRef = 90A879791BA55798001C8989 /* NVActivityIndicatorAnimationBallZigZag.swift */; };
		90A8799A1BA55798001C8989 /* NVActivityIndicatorAnimationBallZigZagDeflect.swift in Sources */ = {isa = PBXBuildFile; fileRef = 90A8797A1BA55798001C8989 /* NVActivityIndicatorAnimationBallZigZagDeflect.swift */; };
		90A8799B1BA55798001C8989 /* NVActivityIndicatorAnimationBlank.swift in Sources */ = {isa = PBXBuildFile; fileRef = 90A8797B1BA55798001C8989 /* NVActivityIndicatorAnimationBlank.swift */; };
		90A8799C1BA55798001C8989 /* NVActivityIndicatorAnimationCubeTransition.swift in Sources */ = {isa = PBXBuildFile; fileRef = 90A8797C1BA55798001C8989 /* NVActivityIndicatorAnimationCubeTransition.swift */; };
		90A8799D1BA55798001C8989 /* NVActivityIndicatorAnimationLineScale.swift in Sources */ = {isa = PBXBuildFile; fileRef = 90A8797D1BA55798001C8989 /* NVActivityIndicatorAnimationLineScale.swift */; };
		90A8799E1BA55798001C8989 /* NVActivityIndicatorAnimationLineScaleParty.swift in Sources */ = {isa = PBXBuildFile; fileRef = 90A8797E1BA55798001C8989 /* NVActivityIndicatorAnimationLineScaleParty.swift */; };
		90A8799F1BA55798001C8989 /* NVActivityIndicatorAnimationLineScalePulseOut.swift in Sources */ = {isa = PBXBuildFile; fileRef = 90A8797F1BA55798001C8989 /* NVActivityIndicatorAnimationLineScalePulseOut.swift */; };
		90A879A01BA55798001C8989 /* NVActivityIndicatorAnimationLineScalePulseOutRapid.swift in Sources */ = {isa = PBXBuildFile; fileRef = 90A879801BA55798001C8989 /* NVActivityIndicatorAnimationLineScalePulseOutRapid.swift */; };
		90A879A11BA55798001C8989 /* NVActivityIndicatorAnimationLineSpinFadeLoader.swift in Sources */ = {isa = PBXBuildFile; fileRef = 90A879811BA55798001C8989 /* NVActivityIndicatorAnimationLineSpinFadeLoader.swift */; };
		90A879A21BA55798001C8989 /* NVActivityIndicatorAnimationPacman.swift in Sources */ = {isa = PBXBuildFile; fileRef = 90A879821BA55798001C8989 /* NVActivityIndicatorAnimationPacman.swift */; };
		90A879A31BA55798001C8989 /* NVActivityIndicatorAnimationSemiCircleSpin.swift in Sources */ = {isa = PBXBuildFile; fileRef = 90A879831BA55798001C8989 /* NVActivityIndicatorAnimationSemiCircleSpin.swift */; };
		90A879A41BA55798001C8989 /* NVActivityIndicatorAnimationSquareSpin.swift in Sources */ = {isa = PBXBuildFile; fileRef = 90A879841BA55798001C8989 /* NVActivityIndicatorAnimationSquareSpin.swift */; };
		90A879A51BA55798001C8989 /* NVActivityIndicatorAnimationTriangleSkewSpin.swift in Sources */ = {isa = PBXBuildFile; fileRef = 90A879851BA55798001C8989 /* NVActivityIndicatorAnimationTriangleSkewSpin.swift */; };
		90A879A61BA55798001C8989 /* NVActivityIndicatorAnimationDelegate.swift in Sources */ = {isa = PBXBuildFile; fileRef = 90A879861BA55798001C8989 /* NVActivityIndicatorAnimationDelegate.swift */; };
		90A879A71BA55798001C8989 /* NVActivityIndicatorShape.swift in Sources */ = {isa = PBXBuildFile; fileRef = 90A879871BA55798001C8989 /* NVActivityIndicatorShape.swift */; };
		90A879A81BA55798001C8989 /* NVActivityIndicatorView.swift in Sources */ = {isa = PBXBuildFile; fileRef = 90A879881BA55798001C8989 /* NVActivityIndicatorView.swift */; };
		BD1452341C15810200B952C8 /* NVActivityIndicatorAnimationBallRotateChase.swift in Sources */ = {isa = PBXBuildFile; fileRef = BD1452331C15810200B952C8 /* NVActivityIndicatorAnimationBallRotateChase.swift */; };
/* End PBXBuildFile section */

/* Begin PBXContainerItemProxy section */
		23688A3D1D81A52F00B2A30B /* PBXContainerItemProxy */ = {
			isa = PBXContainerItemProxy;
			containerPortal = 239CAB181B5EBB2E0051DC06 /* Project object */;
			proxyType = 1;
			remoteGlobalIDString = 239CAB1F1B5EBB2E0051DC06;
			remoteInfo = NVActivityIndicatorViewDemo;
		};
		23FB13551D76D5370096EBE3 /* PBXContainerItemProxy */ = {
			isa = PBXContainerItemProxy;
			containerPortal = 239CAB181B5EBB2E0051DC06 /* Project object */;
			proxyType = 1;
			remoteGlobalIDString = 90A8792E1BA554A0001C8989;
			remoteInfo = NVActivityIndicatorView;
		};
/* End PBXContainerItemProxy section */

/* Begin PBXFileReference section */
		230C6FA71D0FE9E5007CD4E4 /* NVActivityIndicatorAnimationAudioEqualizer.swift */ = {isa = PBXFileReference; fileEncoding = 4; lastKnownFileType = sourcecode.swift; path = NVActivityIndicatorAnimationAudioEqualizer.swift; sourceTree = "<group>"; };
		233236801D0D80C9001F4703 /* NVActivityIndicatorAnimationOrbit.swift */ = {isa = PBXFileReference; fileEncoding = 4; lastKnownFileType = sourcecode.swift; path = NVActivityIndicatorAnimationOrbit.swift; sourceTree = "<group>"; };
		23688A3B1D805A1100B2A30B /* ActivityDataTests.swift */ = {isa = PBXFileReference; fileEncoding = 4; lastKnownFileType = sourcecode.swift; path = ActivityDataTests.swift; sourceTree = "<group>"; };
		23688A3F1D81A55500B2A30B /* NVActivityIndicatorPresenterTests.swift */ = {isa = PBXFileReference; fileEncoding = 4; lastKnownFileType = sourcecode.swift; path = NVActivityIndicatorPresenterTests.swift; sourceTree = "<group>"; };
		239CAB201B5EBB2E0051DC06 /* NVActivityIndicatorViewDemo.app */ = {isa = PBXFileReference; explicitFileType = wrapper.application; includeInIndex = 0; path = NVActivityIndicatorViewDemo.app; sourceTree = BUILT_PRODUCTS_DIR; };
		239CAB241B5EBB2E0051DC06 /* Info.plist */ = {isa = PBXFileReference; lastKnownFileType = text.plist.xml; path = Info.plist; sourceTree = "<group>"; };
		239CAB251B5EBB2E0051DC06 /* AppDelegate.swift */ = {isa = PBXFileReference; lastKnownFileType = sourcecode.swift; path = AppDelegate.swift; sourceTree = "<group>"; };
		239CAB271B5EBB2E0051DC06 /* ViewController.swift */ = {isa = PBXFileReference; lastKnownFileType = sourcecode.swift; path = ViewController.swift; sourceTree = "<group>"; };
		239CAB2A1B5EBB2E0051DC06 /* Base */ = {isa = PBXFileReference; lastKnownFileType = file.storyboard; name = Base; path = Base.lproj/Main.storyboard; sourceTree = "<group>"; };
		239CAB2C1B5EBB2E0051DC06 /* Images.xcassets */ = {isa = PBXFileReference; lastKnownFileType = folder.assetcatalog; path = Images.xcassets; sourceTree = "<group>"; };
		239CAB2F1B5EBB2E0051DC06 /* Base */ = {isa = PBXFileReference; lastKnownFileType = file.xib; name = Base; path = Base.lproj/LaunchScreen.xib; sourceTree = "<group>"; };
		23B6C6041D7AD28500C90328 /* NVActivityIndicatorTypeTests.swift */ = {isa = PBXFileReference; fileEncoding = 4; lastKnownFileType = sourcecode.swift; path = NVActivityIndicatorTypeTests.swift; sourceTree = "<group>"; };
		23FB134F1D76D5370096EBE3 /* NVActivityIndicatorViewTests.xctest */ = {isa = PBXFileReference; explicitFileType = wrapper.cfbundle; includeInIndex = 0; path = NVActivityIndicatorViewTests.xctest; sourceTree = BUILT_PRODUCTS_DIR; };
		23FB13511D76D5370096EBE3 /* NVActivityIndicatorViewTests.swift */ = {isa = PBXFileReference; lastKnownFileType = sourcecode.swift; path = NVActivityIndicatorViewTests.swift; sourceTree = "<group>"; };
		23FB13531D76D5370096EBE3 /* Info.plist */ = {isa = PBXFileReference; lastKnownFileType = text.plist.xml; path = Info.plist; sourceTree = "<group>"; };
		46361A7D1D775B7100E4DB4D /* NVActivityIndicatorPresenter.swift */ = {isa = PBXFileReference; fileEncoding = 4; lastKnownFileType = sourcecode.swift; path = NVActivityIndicatorPresenter.swift; sourceTree = "<group>"; };
		8B1EEC811CF723E100AE054B /* NVActivityIndicatorViewable.swift */ = {isa = PBXFileReference; fileEncoding = 4; lastKnownFileType = sourcecode.swift; path = NVActivityIndicatorViewable.swift; sourceTree = "<group>"; };
		90A8792F1BA554A0001C8989 /* NVActivityIndicatorView.framework */ = {isa = PBXFileReference; explicitFileType = wrapper.framework; includeInIndex = 0; path = NVActivityIndicatorView.framework; sourceTree = BUILT_PRODUCTS_DIR; };
		90A879321BA554A0001C8989 /* Info.plist */ = {isa = PBXFileReference; lastKnownFileType = text.plist.xml; path = Info.plist; sourceTree = "<group>"; };
		90A879331BA554A0001C8989 /* NVActivityIndicatorView.h */ = {isa = PBXFileReference; lastKnownFileType = sourcecode.c.h; path = NVActivityIndicatorView.h; sourceTree = "<group>"; };
		90A879691BA55798001C8989 /* NVActivityIndicatorAnimationBallBeat.swift */ = {isa = PBXFileReference; fileEncoding = 4; lastKnownFileType = sourcecode.swift; path = NVActivityIndicatorAnimationBallBeat.swift; sourceTree = "<group>"; };
		90A8796A1BA55798001C8989 /* NVActivityIndicatorAnimationBallClipRotate.swift */ = {isa = PBXFileReference; fileEncoding = 4; lastKnownFileType = sourcecode.swift; path = NVActivityIndicatorAnimationBallClipRotate.swift; sourceTree = "<group>"; };
		90A8796B1BA55798001C8989 /* NVActivityIndicatorAnimationBallClipRotateMultiple.swift */ = {isa = PBXFileReference; fileEncoding = 4; lastKnownFileType = sourcecode.swift; path = NVActivityIndicatorAnimationBallClipRotateMultiple.swift; sourceTree = "<group>"; };
		90A8796C1BA55798001C8989 /* NVActivityIndicatorAnimationBallClipRotatePulse.swift */ = {isa = PBXFileReference; fileEncoding = 4; lastKnownFileType = sourcecode.swift; path = NVActivityIndicatorAnimationBallClipRotatePulse.swift; sourceTree = "<group>"; };
		90A8796D1BA55798001C8989 /* NVActivityIndicatorAnimationBallGridBeat.swift */ = {isa = PBXFileReference; fileEncoding = 4; lastKnownFileType = sourcecode.swift; path = NVActivityIndicatorAnimationBallGridBeat.swift; sourceTree = "<group>"; };
		90A8796E1BA55798001C8989 /* NVActivityIndicatorAnimationBallGridPulse.swift */ = {isa = PBXFileReference; fileEncoding = 4; lastKnownFileType = sourcecode.swift; path = NVActivityIndicatorAnimationBallGridPulse.swift; sourceTree = "<group>"; };
		90A8796F1BA55798001C8989 /* NVActivityIndicatorAnimationBallPulse.swift */ = {isa = PBXFileReference; fileEncoding = 4; lastKnownFileType = sourcecode.swift; path = NVActivityIndicatorAnimationBallPulse.swift; sourceTree = "<group>"; };
		90A879701BA55798001C8989 /* NVActivityIndicatorAnimationBallPulseRise.swift */ = {isa = PBXFileReference; fileEncoding = 4; lastKnownFileType = sourcecode.swift; path = NVActivityIndicatorAnimationBallPulseRise.swift; sourceTree = "<group>"; };
		90A879711BA55798001C8989 /* NVActivityIndicatorAnimationBallPulseSync.swift */ = {isa = PBXFileReference; fileEncoding = 4; lastKnownFileType = sourcecode.swift; path = NVActivityIndicatorAnimationBallPulseSync.swift; sourceTree = "<group>"; };
		90A879721BA55798001C8989 /* NVActivityIndicatorAnimationBallRotate.swift */ = {isa = PBXFileReference; fileEncoding = 4; lastKnownFileType = sourcecode.swift; path = NVActivityIndicatorAnimationBallRotate.swift; sourceTree = "<group>"; };
		90A879731BA55798001C8989 /* NVActivityIndicatorAnimationBallScale.swift */ = {isa = PBXFileReference; fileEncoding = 4; lastKnownFileType = sourcecode.swift; path = NVActivityIndicatorAnimationBallScale.swift; sourceTree = "<group>"; };
		90A879741BA55798001C8989 /* NVActivityIndicatorAnimationBallScaleMultiple.swift */ = {isa = PBXFileReference; fileEncoding = 4; lastKnownFileType = sourcecode.swift; path = NVActivityIndicatorAnimationBallScaleMultiple.swift; sourceTree = "<group>"; };
		90A879751BA55798001C8989 /* NVActivityIndicatorAnimationBallScaleRipple.swift */ = {isa = PBXFileReference; fileEncoding = 4; lastKnownFileType = sourcecode.swift; path = NVActivityIndicatorAnimationBallScaleRipple.swift; sourceTree = "<group>"; };
		90A879761BA55798001C8989 /* NVActivityIndicatorAnimationBallScaleRippleMultiple.swift */ = {isa = PBXFileReference; fileEncoding = 4; lastKnownFileType = sourcecode.swift; path = NVActivityIndicatorAnimationBallScaleRippleMultiple.swift; sourceTree = "<group>"; };
		90A879771BA55798001C8989 /* NVActivityIndicatorAnimationBallSpinFadeLoader.swift */ = {isa = PBXFileReference; fileEncoding = 4; lastKnownFileType = sourcecode.swift; path = NVActivityIndicatorAnimationBallSpinFadeLoader.swift; sourceTree = "<group>"; };
		90A879781BA55798001C8989 /* NVActivityIndicatorAnimationBallTrianglePath.swift */ = {isa = PBXFileReference; fileEncoding = 4; lastKnownFileType = sourcecode.swift; path = NVActivityIndicatorAnimationBallTrianglePath.swift; sourceTree = "<group>"; };
		90A879791BA55798001C8989 /* NVActivityIndicatorAnimationBallZigZag.swift */ = {isa = PBXFileReference; fileEncoding = 4; lastKnownFileType = sourcecode.swift; path = NVActivityIndicatorAnimationBallZigZag.swift; sourceTree = "<group>"; };
		90A8797A1BA55798001C8989 /* NVActivityIndicatorAnimationBallZigZagDeflect.swift */ = {isa = PBXFileReference; fileEncoding = 4; lastKnownFileType = sourcecode.swift; path = NVActivityIndicatorAnimationBallZigZagDeflect.swift; sourceTree = "<group>"; };
		90A8797B1BA55798001C8989 /* NVActivityIndicatorAnimationBlank.swift */ = {isa = PBXFileReference; fileEncoding = 4; lastKnownFileType = sourcecode.swift; path = NVActivityIndicatorAnimationBlank.swift; sourceTree = "<group>"; };
		90A8797C1BA55798001C8989 /* NVActivityIndicatorAnimationCubeTransition.swift */ = {isa = PBXFileReference; fileEncoding = 4; lastKnownFileType = sourcecode.swift; path = NVActivityIndicatorAnimationCubeTransition.swift; sourceTree = "<group>"; };
		90A8797D1BA55798001C8989 /* NVActivityIndicatorAnimationLineScale.swift */ = {isa = PBXFileReference; fileEncoding = 4; lastKnownFileType = sourcecode.swift; path = NVActivityIndicatorAnimationLineScale.swift; sourceTree = "<group>"; };
		90A8797E1BA55798001C8989 /* NVActivityIndicatorAnimationLineScaleParty.swift */ = {isa = PBXFileReference; fileEncoding = 4; lastKnownFileType = sourcecode.swift; path = NVActivityIndicatorAnimationLineScaleParty.swift; sourceTree = "<group>"; };
		90A8797F1BA55798001C8989 /* NVActivityIndicatorAnimationLineScalePulseOut.swift */ = {isa = PBXFileReference; fileEncoding = 4; lastKnownFileType = sourcecode.swift; path = NVActivityIndicatorAnimationLineScalePulseOut.swift; sourceTree = "<group>"; };
		90A879801BA55798001C8989 /* NVActivityIndicatorAnimationLineScalePulseOutRapid.swift */ = {isa = PBXFileReference; fileEncoding = 4; lastKnownFileType = sourcecode.swift; path = NVActivityIndicatorAnimationLineScalePulseOutRapid.swift; sourceTree = "<group>"; };
		90A879811BA55798001C8989 /* NVActivityIndicatorAnimationLineSpinFadeLoader.swift */ = {isa = PBXFileReference; fileEncoding = 4; lastKnownFileType = sourcecode.swift; path = NVActivityIndicatorAnimationLineSpinFadeLoader.swift; sourceTree = "<group>"; };
		90A879821BA55798001C8989 /* NVActivityIndicatorAnimationPacman.swift */ = {isa = PBXFileReference; fileEncoding = 4; lastKnownFileType = sourcecode.swift; path = NVActivityIndicatorAnimationPacman.swift; sourceTree = "<group>"; };
		90A879831BA55798001C8989 /* NVActivityIndicatorAnimationSemiCircleSpin.swift */ = {isa = PBXFileReference; fileEncoding = 4; lastKnownFileType = sourcecode.swift; path = NVActivityIndicatorAnimationSemiCircleSpin.swift; sourceTree = "<group>"; };
		90A879841BA55798001C8989 /* NVActivityIndicatorAnimationSquareSpin.swift */ = {isa = PBXFileReference; fileEncoding = 4; lastKnownFileType = sourcecode.swift; path = NVActivityIndicatorAnimationSquareSpin.swift; sourceTree = "<group>"; };
		90A879851BA55798001C8989 /* NVActivityIndicatorAnimationTriangleSkewSpin.swift */ = {isa = PBXFileReference; fileEncoding = 4; lastKnownFileType = sourcecode.swift; path = NVActivityIndicatorAnimationTriangleSkewSpin.swift; sourceTree = "<group>"; };
		90A879861BA55798001C8989 /* NVActivityIndicatorAnimationDelegate.swift */ = {isa = PBXFileReference; fileEncoding = 4; lastKnownFileType = sourcecode.swift; path = NVActivityIndicatorAnimationDelegate.swift; sourceTree = "<group>"; };
		90A879871BA55798001C8989 /* NVActivityIndicatorShape.swift */ = {isa = PBXFileReference; fileEncoding = 4; lastKnownFileType = sourcecode.swift; path = NVActivityIndicatorShape.swift; sourceTree = "<group>"; };
		90A879881BA55798001C8989 /* NVActivityIndicatorView.swift */ = {isa = PBXFileReference; fileEncoding = 4; lastKnownFileType = sourcecode.swift; path = NVActivityIndicatorView.swift; sourceTree = "<group>"; };
		BD1452331C15810200B952C8 /* NVActivityIndicatorAnimationBallRotateChase.swift */ = {isa = PBXFileReference; fileEncoding = 4; lastKnownFileType = sourcecode.swift; path = NVActivityIndicatorAnimationBallRotateChase.swift; sourceTree = "<group>"; };
/* End PBXFileReference section */

/* Begin PBXFrameworksBuildPhase section */
		239CAB1D1B5EBB2E0051DC06 /* Frameworks */ = {
			isa = PBXFrameworksBuildPhase;
			buildActionMask = 2147483647;
			files = (
				23B201071D7DADCD00130679 /* NVActivityIndicatorView.framework in Frameworks */,
			);
			runOnlyForDeploymentPostprocessing = 0;
		};
		23FB134C1D76D5370096EBE3 /* Frameworks */ = {
			isa = PBXFrameworksBuildPhase;
			buildActionMask = 2147483647;
			files = (
				23FB13541D76D5370096EBE3 /* NVActivityIndicatorView.framework in Frameworks */,
			);
			runOnlyForDeploymentPostprocessing = 0;
		};
		90A8792B1BA554A0001C8989 /* Frameworks */ = {
			isa = PBXFrameworksBuildPhase;
			buildActionMask = 2147483647;
			files = (
			);
			runOnlyForDeploymentPostprocessing = 0;
		};
/* End PBXFrameworksBuildPhase section */

/* Begin PBXGroup section */
		239CAB171B5EBB2E0051DC06 = {
			isa = PBXGroup;
			children = (
				239CAB221B5EBB2E0051DC06 /* NVActivityIndicatorViewDemo */,
				90A879301BA554A0001C8989 /* NVActivityIndicatorView */,
				23FB13501D76D5370096EBE3 /* NVActivityIndicatorViewTests */,
				239CAB211B5EBB2E0051DC06 /* Products */,
			);
			sourceTree = "<group>";
		};
		239CAB211B5EBB2E0051DC06 /* Products */ = {
			isa = PBXGroup;
			children = (
				239CAB201B5EBB2E0051DC06 /* NVActivityIndicatorViewDemo.app */,
				90A8792F1BA554A0001C8989 /* NVActivityIndicatorView.framework */,
				23FB134F1D76D5370096EBE3 /* NVActivityIndicatorViewTests.xctest */,
			);
			name = Products;
			sourceTree = "<group>";
		};
		239CAB221B5EBB2E0051DC06 /* NVActivityIndicatorViewDemo */ = {
			isa = PBXGroup;
			children = (
				239CAB251B5EBB2E0051DC06 /* AppDelegate.swift */,
				239CAB271B5EBB2E0051DC06 /* ViewController.swift */,
				239CAB291B5EBB2E0051DC06 /* Main.storyboard */,
				239CAB2C1B5EBB2E0051DC06 /* Images.xcassets */,
				239CAB2E1B5EBB2E0051DC06 /* LaunchScreen.xib */,
				239CAB231B5EBB2E0051DC06 /* Supporting Files */,
			);
			path = NVActivityIndicatorViewDemo;
			sourceTree = "<group>";
		};
		239CAB231B5EBB2E0051DC06 /* Supporting Files */ = {
			isa = PBXGroup;
			children = (
				239CAB241B5EBB2E0051DC06 /* Info.plist */,
			);
			name = "Supporting Files";
			sourceTree = "<group>";
		};
		23FB13501D76D5370096EBE3 /* NVActivityIndicatorViewTests */ = {
			isa = PBXGroup;
			children = (
				23688A3F1D81A55500B2A30B /* NVActivityIndicatorPresenterTests.swift */,
				23FB13511D76D5370096EBE3 /* NVActivityIndicatorViewTests.swift */,
				23FB13531D76D5370096EBE3 /* Info.plist */,
				23B6C6041D7AD28500C90328 /* NVActivityIndicatorTypeTests.swift */,
				23688A3B1D805A1100B2A30B /* ActivityDataTests.swift */,
			);
			path = NVActivityIndicatorViewTests;
			sourceTree = "<group>";
		};
		90A879301BA554A0001C8989 /* NVActivityIndicatorView */ = {
			isa = PBXGroup;
			children = (
				90A879681BA55798001C8989 /* Animations */,
				90A879861BA55798001C8989 /* NVActivityIndicatorAnimationDelegate.swift */,
				90A879871BA55798001C8989 /* NVActivityIndicatorShape.swift */,
				8B1EEC811CF723E100AE054B /* NVActivityIndicatorViewable.swift */,
				46361A7D1D775B7100E4DB4D /* NVActivityIndicatorPresenter.swift */,
				90A879881BA55798001C8989 /* NVActivityIndicatorView.swift */,
				90A879331BA554A0001C8989 /* NVActivityIndicatorView.h */,
				90A879311BA554A0001C8989 /* Supporting Files */,
			);
			path = NVActivityIndicatorView;
			sourceTree = "<group>";
		};
		90A879311BA554A0001C8989 /* Supporting Files */ = {
			isa = PBXGroup;
			children = (
				90A879321BA554A0001C8989 /* Info.plist */,
			);
			name = "Supporting Files";
			sourceTree = "<group>";
		};
		90A879681BA55798001C8989 /* Animations */ = {
			isa = PBXGroup;
			children = (
				90A879691BA55798001C8989 /* NVActivityIndicatorAnimationBallBeat.swift */,
				90A8796A1BA55798001C8989 /* NVActivityIndicatorAnimationBallClipRotate.swift */,
				90A8796B1BA55798001C8989 /* NVActivityIndicatorAnimationBallClipRotateMultiple.swift */,
				90A8796C1BA55798001C8989 /* NVActivityIndicatorAnimationBallClipRotatePulse.swift */,
				90A8796D1BA55798001C8989 /* NVActivityIndicatorAnimationBallGridBeat.swift */,
				90A8796E1BA55798001C8989 /* NVActivityIndicatorAnimationBallGridPulse.swift */,
				90A8796F1BA55798001C8989 /* NVActivityIndicatorAnimationBallPulse.swift */,
				90A879701BA55798001C8989 /* NVActivityIndicatorAnimationBallPulseRise.swift */,
				90A879711BA55798001C8989 /* NVActivityIndicatorAnimationBallPulseSync.swift */,
				90A879721BA55798001C8989 /* NVActivityIndicatorAnimationBallRotate.swift */,
				90A879731BA55798001C8989 /* NVActivityIndicatorAnimationBallScale.swift */,
				90A879741BA55798001C8989 /* NVActivityIndicatorAnimationBallScaleMultiple.swift */,
				90A879751BA55798001C8989 /* NVActivityIndicatorAnimationBallScaleRipple.swift */,
				90A879761BA55798001C8989 /* NVActivityIndicatorAnimationBallScaleRippleMultiple.swift */,
				90A879771BA55798001C8989 /* NVActivityIndicatorAnimationBallSpinFadeLoader.swift */,
				90A879781BA55798001C8989 /* NVActivityIndicatorAnimationBallTrianglePath.swift */,
				90A879791BA55798001C8989 /* NVActivityIndicatorAnimationBallZigZag.swift */,
				90A8797A1BA55798001C8989 /* NVActivityIndicatorAnimationBallZigZagDeflect.swift */,
				90A8797B1BA55798001C8989 /* NVActivityIndicatorAnimationBlank.swift */,
				90A8797C1BA55798001C8989 /* NVActivityIndicatorAnimationCubeTransition.swift */,
				90A8797D1BA55798001C8989 /* NVActivityIndicatorAnimationLineScale.swift */,
				90A8797E1BA55798001C8989 /* NVActivityIndicatorAnimationLineScaleParty.swift */,
				90A8797F1BA55798001C8989 /* NVActivityIndicatorAnimationLineScalePulseOut.swift */,
				90A879801BA55798001C8989 /* NVActivityIndicatorAnimationLineScalePulseOutRapid.swift */,
				90A879811BA55798001C8989 /* NVActivityIndicatorAnimationLineSpinFadeLoader.swift */,
				90A879821BA55798001C8989 /* NVActivityIndicatorAnimationPacman.swift */,
				90A879831BA55798001C8989 /* NVActivityIndicatorAnimationSemiCircleSpin.swift */,
				90A879841BA55798001C8989 /* NVActivityIndicatorAnimationSquareSpin.swift */,
				90A879851BA55798001C8989 /* NVActivityIndicatorAnimationTriangleSkewSpin.swift */,
				BD1452331C15810200B952C8 /* NVActivityIndicatorAnimationBallRotateChase.swift */,
				233236801D0D80C9001F4703 /* NVActivityIndicatorAnimationOrbit.swift */,
				230C6FA71D0FE9E5007CD4E4 /* NVActivityIndicatorAnimationAudioEqualizer.swift */,
			);
			path = Animations;
			sourceTree = "<group>";
		};
/* End PBXGroup section */

/* Begin PBXHeadersBuildPhase section */
		90A8792C1BA554A0001C8989 /* Headers */ = {
			isa = PBXHeadersBuildPhase;
			buildActionMask = 2147483647;
			files = (
				90A879341BA554A0001C8989 /* NVActivityIndicatorView.h in Headers */,
			);
			runOnlyForDeploymentPostprocessing = 0;
		};
/* End PBXHeadersBuildPhase section */

/* Begin PBXNativeTarget section */
		239CAB1F1B5EBB2E0051DC06 /* NVActivityIndicatorViewDemo */ = {
			isa = PBXNativeTarget;
			buildConfigurationList = 239CAB3F1B5EBB2E0051DC06 /* Build configuration list for PBXNativeTarget "NVActivityIndicatorViewDemo" */;
			buildPhases = (
				239CAB1C1B5EBB2E0051DC06 /* Sources */,
				239CAB1D1B5EBB2E0051DC06 /* Frameworks */,
				239CAB1E1B5EBB2E0051DC06 /* Resources */,
			);
			buildRules = (
			);
			dependencies = (
			);
			name = NVActivityIndicatorViewDemo;
			productName = NVActivityIndicatorViewDemo;
			productReference = 239CAB201B5EBB2E0051DC06 /* NVActivityIndicatorViewDemo.app */;
			productType = "com.apple.product-type.application";
		};
		23FB134E1D76D5370096EBE3 /* NVActivityIndicatorViewTests */ = {
			isa = PBXNativeTarget;
			buildConfigurationList = 23FB13591D76D5370096EBE3 /* Build configuration list for PBXNativeTarget "NVActivityIndicatorViewTests" */;
			buildPhases = (
				23FB134B1D76D5370096EBE3 /* Sources */,
				23FB134C1D76D5370096EBE3 /* Frameworks */,
				23FB134D1D76D5370096EBE3 /* Resources */,
			);
			buildRules = (
			);
			dependencies = (
				23FB13561D76D5370096EBE3 /* PBXTargetDependency */,
				23688A3E1D81A52F00B2A30B /* PBXTargetDependency */,
			);
			name = NVActivityIndicatorViewTests;
			productName = NVActivityIndicatorViewTests;
			productReference = 23FB134F1D76D5370096EBE3 /* NVActivityIndicatorViewTests.xctest */;
			productType = "com.apple.product-type.bundle.unit-test";
		};
		90A8792E1BA554A0001C8989 /* NVActivityIndicatorView */ = {
			isa = PBXNativeTarget;
			buildConfigurationList = 90A879421BA554A0001C8989 /* Build configuration list for PBXNativeTarget "NVActivityIndicatorView" */;
			buildPhases = (
				90A8792A1BA554A0001C8989 /* Sources */,
				90A8792B1BA554A0001C8989 /* Frameworks */,
				90A8792C1BA554A0001C8989 /* Headers */,
				90A8792D1BA554A0001C8989 /* Resources */,
			);
			buildRules = (
			);
			dependencies = (
			);
			name = NVActivityIndicatorView;
			productName = NVActivityIndicatorView;
			productReference = 90A8792F1BA554A0001C8989 /* NVActivityIndicatorView.framework */;
			productType = "com.apple.product-type.framework";
		};
/* End PBXNativeTarget section */

/* Begin PBXProject section */
		239CAB181B5EBB2E0051DC06 /* Project object */ = {
			isa = PBXProject;
			attributes = {
				LastSwiftMigration = 0700;
				LastSwiftUpdateCheck = 0730;
				LastUpgradeCheck = 0800;
				ORGANIZATIONNAME = "Nguyen Vinh";
				TargetAttributes = {
					239CAB1F1B5EBB2E0051DC06 = {
						CreatedOnToolsVersion = 6.4;
						LastSwiftMigration = 0800;
					};
					23FB134E1D76D5370096EBE3 = {
						CreatedOnToolsVersion = 7.3.1;
						LastSwiftMigration = 0800;
						TestTargetID = 239CAB1F1B5EBB2E0051DC06;
					};
					90A8792E1BA554A0001C8989 = {
						CreatedOnToolsVersion = 6.4;
						LastSwiftMigration = 0800;
					};
				};
			};
			buildConfigurationList = 239CAB1B1B5EBB2E0051DC06 /* Build configuration list for PBXProject "NVActivityIndicatorView" */;
			compatibilityVersion = "Xcode 3.2";
			developmentRegion = English;
			hasScannedForEncodings = 0;
			knownRegions = (
				en,
				Base,
			);
			mainGroup = 239CAB171B5EBB2E0051DC06;
			productRefGroup = 239CAB211B5EBB2E0051DC06 /* Products */;
			projectDirPath = "";
			projectRoot = "";
			targets = (
				90A8792E1BA554A0001C8989 /* NVActivityIndicatorView */,
				239CAB1F1B5EBB2E0051DC06 /* NVActivityIndicatorViewDemo */,
				23FB134E1D76D5370096EBE3 /* NVActivityIndicatorViewTests */,
			);
		};
/* End PBXProject section */

/* Begin PBXResourcesBuildPhase section */
		239CAB1E1B5EBB2E0051DC06 /* Resources */ = {
			isa = PBXResourcesBuildPhase;
			buildActionMask = 2147483647;
			files = (
				239CAB2B1B5EBB2E0051DC06 /* Main.storyboard in Resources */,
				239CAB301B5EBB2E0051DC06 /* LaunchScreen.xib in Resources */,
				239CAB2D1B5EBB2E0051DC06 /* Images.xcassets in Resources */,
			);
			runOnlyForDeploymentPostprocessing = 0;
		};
		23FB134D1D76D5370096EBE3 /* Resources */ = {
			isa = PBXResourcesBuildPhase;
			buildActionMask = 2147483647;
			files = (
			);
			runOnlyForDeploymentPostprocessing = 0;
		};
		90A8792D1BA554A0001C8989 /* Resources */ = {
			isa = PBXResourcesBuildPhase;
			buildActionMask = 2147483647;
			files = (
			);
			runOnlyForDeploymentPostprocessing = 0;
		};
/* End PBXResourcesBuildPhase section */

/* Begin PBXSourcesBuildPhase section */
		239CAB1C1B5EBB2E0051DC06 /* Sources */ = {
			isa = PBXSourcesBuildPhase;
			buildActionMask = 2147483647;
			files = (
				23B201041D7DADBF00130679 /* AppDelegate.swift in Sources */,
				23B201051D7DADBF00130679 /* ViewController.swift in Sources */,
			);
			runOnlyForDeploymentPostprocessing = 0;
		};
		23FB134B1D76D5370096EBE3 /* Sources */ = {
			isa = PBXSourcesBuildPhase;
			buildActionMask = 2147483647;
			files = (
				23B6C6051D7AD28500C90328 /* NVActivityIndicatorTypeTests.swift in Sources */,
				23FB13521D76D5370096EBE3 /* NVActivityIndicatorViewTests.swift in Sources */,
				23688A3C1D805A1100B2A30B /* ActivityDataTests.swift in Sources */,
				23688A401D81A55500B2A30B /* NVActivityIndicatorPresenterTests.swift in Sources */,
			);
			runOnlyForDeploymentPostprocessing = 0;
		};
		90A8792A1BA554A0001C8989 /* Sources */ = {
			isa = PBXSourcesBuildPhase;
			buildActionMask = 2147483647;
			files = (
				90A879951BA55798001C8989 /* NVActivityIndicatorAnimationBallScaleRipple.swift in Sources */,
				90A879A81BA55798001C8989 /* NVActivityIndicatorView.swift in Sources */,
				90A8798E1BA55798001C8989 /* NVActivityIndicatorAnimationBallGridPulse.swift in Sources */,
				90A8799A1BA55798001C8989 /* NVActivityIndicatorAnimationBallZigZagDeflect.swift in Sources */,
				90A8798B1BA55798001C8989 /* NVActivityIndicatorAnimationBallClipRotateMultiple.swift in Sources */,
				230C6FA81D0FE9E5007CD4E4 /* NVActivityIndicatorAnimationAudioEqualizer.swift in Sources */,
				90A8799D1BA55798001C8989 /* NVActivityIndicatorAnimationLineScale.swift in Sources */,
				90A879931BA55798001C8989 /* NVActivityIndicatorAnimationBallScale.swift in Sources */,
				90A879991BA55798001C8989 /* NVActivityIndicatorAnimationBallZigZag.swift in Sources */,
				90A879911BA55798001C8989 /* NVActivityIndicatorAnimationBallPulseSync.swift in Sources */,
				90A8798F1BA55798001C8989 /* NVActivityIndicatorAnimationBallPulse.swift in Sources */,
				233236811D0D80C9001F4703 /* NVActivityIndicatorAnimationOrbit.swift in Sources */,
				90A8799F1BA55798001C8989 /* NVActivityIndicatorAnimationLineScalePulseOut.swift in Sources */,
				90A879A71BA55798001C8989 /* NVActivityIndicatorShape.swift in Sources */,
				90A879A01BA55798001C8989 /* NVActivityIndicatorAnimationLineScalePulseOutRapid.swift in Sources */,
				90A879A21BA55798001C8989 /* NVActivityIndicatorAnimationPacman.swift in Sources */,
				90A879A41BA55798001C8989 /* NVActivityIndicatorAnimationSquareSpin.swift in Sources */,
				90A8799E1BA55798001C8989 /* NVActivityIndicatorAnimationLineScaleParty.swift in Sources */,
				90A8798C1BA55798001C8989 /* NVActivityIndicatorAnimationBallClipRotatePulse.swift in Sources */,
				90A879A51BA55798001C8989 /* NVActivityIndicatorAnimationTriangleSkewSpin.swift in Sources */,
				90A879921BA55798001C8989 /* NVActivityIndicatorAnimationBallRotate.swift in Sources */,
				BD1452341C15810200B952C8 /* NVActivityIndicatorAnimationBallRotateChase.swift in Sources */,
				46361A7E1D775B7100E4DB4D /* NVActivityIndicatorPresenter.swift in Sources */,
				90A879941BA55798001C8989 /* NVActivityIndicatorAnimationBallScaleMultiple.swift in Sources */,
				90A879A11BA55798001C8989 /* NVActivityIndicatorAnimationLineSpinFadeLoader.swift in Sources */,
				90A879981BA55798001C8989 /* NVActivityIndicatorAnimationBallTrianglePath.swift in Sources */,
				90A8798D1BA55798001C8989 /* NVActivityIndicatorAnimationBallGridBeat.swift in Sources */,
				90A879A31BA55798001C8989 /* NVActivityIndicatorAnimationSemiCircleSpin.swift in Sources */,
				90A879A61BA55798001C8989 /* NVActivityIndicatorAnimationDelegate.swift in Sources */,
				90A879891BA55798001C8989 /* NVActivityIndicatorAnimationBallBeat.swift in Sources */,
				8B1EEC821CF723E100AE054B /* NVActivityIndicatorViewable.swift in Sources */,
				90A879961BA55798001C8989 /* NVActivityIndicatorAnimationBallScaleRippleMultiple.swift in Sources */,
				90A8799C1BA55798001C8989 /* NVActivityIndicatorAnimationCubeTransition.swift in Sources */,
				90A8799B1BA55798001C8989 /* NVActivityIndicatorAnimationBlank.swift in Sources */,
				90A8798A1BA55798001C8989 /* NVActivityIndicatorAnimationBallClipRotate.swift in Sources */,
				90A879971BA55798001C8989 /* NVActivityIndicatorAnimationBallSpinFadeLoader.swift in Sources */,
				90A879901BA55798001C8989 /* NVActivityIndicatorAnimationBallPulseRise.swift in Sources */,
			);
			runOnlyForDeploymentPostprocessing = 0;
		};
/* End PBXSourcesBuildPhase section */

/* Begin PBXTargetDependency section */
		23688A3E1D81A52F00B2A30B /* PBXTargetDependency */ = {
			isa = PBXTargetDependency;
			target = 239CAB1F1B5EBB2E0051DC06 /* NVActivityIndicatorViewDemo */;
			targetProxy = 23688A3D1D81A52F00B2A30B /* PBXContainerItemProxy */;
		};
		23FB13561D76D5370096EBE3 /* PBXTargetDependency */ = {
			isa = PBXTargetDependency;
			target = 90A8792E1BA554A0001C8989 /* NVActivityIndicatorView */;
			targetProxy = 23FB13551D76D5370096EBE3 /* PBXContainerItemProxy */;
		};
/* End PBXTargetDependency section */

/* Begin PBXVariantGroup section */
		239CAB291B5EBB2E0051DC06 /* Main.storyboard */ = {
			isa = PBXVariantGroup;
			children = (
				239CAB2A1B5EBB2E0051DC06 /* Base */,
			);
			name = Main.storyboard;
			sourceTree = "<group>";
		};
		239CAB2E1B5EBB2E0051DC06 /* LaunchScreen.xib */ = {
			isa = PBXVariantGroup;
			children = (
				239CAB2F1B5EBB2E0051DC06 /* Base */,
			);
			name = LaunchScreen.xib;
			sourceTree = "<group>";
		};
/* End PBXVariantGroup section */

/* Begin XCBuildConfiguration section */
		239CAB3D1B5EBB2E0051DC06 /* Debug */ = {
			isa = XCBuildConfiguration;
			buildSettings = {
				ALWAYS_SEARCH_USER_PATHS = NO;
				CLANG_CXX_LANGUAGE_STANDARD = "gnu++0x";
				CLANG_CXX_LIBRARY = "libc++";
				CLANG_ENABLE_MODULES = YES;
				CLANG_ENABLE_OBJC_ARC = YES;
				CLANG_WARN_BOOL_CONVERSION = YES;
				CLANG_WARN_CONSTANT_CONVERSION = YES;
				CLANG_WARN_DIRECT_OBJC_ISA_USAGE = YES_ERROR;
				CLANG_WARN_EMPTY_BODY = YES;
				CLANG_WARN_ENUM_CONVERSION = YES;
				CLANG_WARN_INFINITE_RECURSION = YES;
				CLANG_WARN_INT_CONVERSION = YES;
				CLANG_WARN_OBJC_ROOT_CLASS = YES_ERROR;
				CLANG_WARN_SUSPICIOUS_MOVE = YES;
				CLANG_WARN_UNREACHABLE_CODE = YES;
				CLANG_WARN__DUPLICATE_METHOD_MATCH = YES;
				"CODE_SIGN_IDENTITY[sdk=iphoneos*]" = "";
				COPY_PHASE_STRIP = NO;
				DEBUG_INFORMATION_FORMAT = "dwarf-with-dsym";
				ENABLE_STRICT_OBJC_MSGSEND = YES;
				ENABLE_TESTABILITY = YES;
				GCC_C_LANGUAGE_STANDARD = gnu99;
				GCC_DYNAMIC_NO_PIC = NO;
				GCC_NO_COMMON_BLOCKS = YES;
				GCC_OPTIMIZATION_LEVEL = 0;
				GCC_PREPROCESSOR_DEFINITIONS = (
					"DEBUG=1",
					"$(inherited)",
				);
				GCC_SYMBOLS_PRIVATE_EXTERN = NO;
				GCC_WARN_64_TO_32_BIT_CONVERSION = YES;
				GCC_WARN_ABOUT_RETURN_TYPE = YES_ERROR;
				GCC_WARN_UNDECLARED_SELECTOR = YES;
				GCC_WARN_UNINITIALIZED_AUTOS = YES_AGGRESSIVE;
				GCC_WARN_UNUSED_FUNCTION = YES;
				GCC_WARN_UNUSED_VARIABLE = YES;
				IPHONEOS_DEPLOYMENT_TARGET = 8.0;
				MTL_ENABLE_DEBUG_INFO = YES;
				ONLY_ACTIVE_ARCH = YES;
				SDKROOT = iphoneos;
				SWIFT_OPTIMIZATION_LEVEL = "-Onone";
				SWIFT_VERSION = 3.0;
			};
			name = Debug;
		};
		239CAB3E1B5EBB2E0051DC06 /* Release */ = {
			isa = XCBuildConfiguration;
			buildSettings = {
				ALWAYS_SEARCH_USER_PATHS = NO;
				CLANG_CXX_LANGUAGE_STANDARD = "gnu++0x";
				CLANG_CXX_LIBRARY = "libc++";
				CLANG_ENABLE_MODULES = YES;
				CLANG_ENABLE_OBJC_ARC = YES;
				CLANG_WARN_BOOL_CONVERSION = YES;
				CLANG_WARN_CONSTANT_CONVERSION = YES;
				CLANG_WARN_DIRECT_OBJC_ISA_USAGE = YES_ERROR;
				CLANG_WARN_EMPTY_BODY = YES;
				CLANG_WARN_ENUM_CONVERSION = YES;
				CLANG_WARN_INFINITE_RECURSION = YES;
				CLANG_WARN_INT_CONVERSION = YES;
				CLANG_WARN_OBJC_ROOT_CLASS = YES_ERROR;
				CLANG_WARN_SUSPICIOUS_MOVE = YES;
				CLANG_WARN_UNREACHABLE_CODE = YES;
				CLANG_WARN__DUPLICATE_METHOD_MATCH = YES;
				"CODE_SIGN_IDENTITY[sdk=iphoneos*]" = "";
				COPY_PHASE_STRIP = NO;
				DEBUG_INFORMATION_FORMAT = "dwarf-with-dsym";
				ENABLE_NS_ASSERTIONS = NO;
				ENABLE_STRICT_OBJC_MSGSEND = YES;
				GCC_C_LANGUAGE_STANDARD = gnu99;
				GCC_NO_COMMON_BLOCKS = YES;
				GCC_WARN_64_TO_32_BIT_CONVERSION = YES;
				GCC_WARN_ABOUT_RETURN_TYPE = YES_ERROR;
				GCC_WARN_UNDECLARED_SELECTOR = YES;
				GCC_WARN_UNINITIALIZED_AUTOS = YES_AGGRESSIVE;
				GCC_WARN_UNUSED_FUNCTION = YES;
				GCC_WARN_UNUSED_VARIABLE = YES;
				IPHONEOS_DEPLOYMENT_TARGET = 8.0;
				MTL_ENABLE_DEBUG_INFO = NO;
				SDKROOT = iphoneos;
				SWIFT_OPTIMIZATION_LEVEL = "-Owholemodule";
				SWIFT_VERSION = 3.0;
				VALIDATE_PRODUCT = YES;
			};
			name = Release;
		};
		239CAB401B5EBB2E0051DC06 /* Debug */ = {
			isa = XCBuildConfiguration;
			buildSettings = {
				ASSETCATALOG_COMPILER_APPICON_NAME = AppIcon;
				INFOPLIST_FILE = NVActivityIndicatorViewDemo/Info.plist;
				LD_RUNPATH_SEARCH_PATHS = "$(inherited) @executable_path/Frameworks";
				PRODUCT_BUNDLE_IDENTIFIER = "me.nvin.$(PRODUCT_NAME:rfc1034identifier)";
				PRODUCT_NAME = "$(TARGET_NAME)";
				SWIFT_VERSION = 3.0;
			};
			name = Debug;
		};
		239CAB411B5EBB2E0051DC06 /* Release */ = {
			isa = XCBuildConfiguration;
			buildSettings = {
				ASSETCATALOG_COMPILER_APPICON_NAME = AppIcon;
				INFOPLIST_FILE = NVActivityIndicatorViewDemo/Info.plist;
				LD_RUNPATH_SEARCH_PATHS = "$(inherited) @executable_path/Frameworks";
				PRODUCT_BUNDLE_IDENTIFIER = "me.nvin.$(PRODUCT_NAME:rfc1034identifier)";
				PRODUCT_NAME = "$(TARGET_NAME)";
				SWIFT_VERSION = 3.0;
			};
			name = Release;
		};
		23FB13571D76D5370096EBE3 /* Debug */ = {
			isa = XCBuildConfiguration;
			buildSettings = {
				CLANG_ANALYZER_NONNULL = YES;
				DEBUG_INFORMATION_FORMAT = dwarf;
				INFOPLIST_FILE = NVActivityIndicatorViewTests/Info.plist;
				IPHONEOS_DEPLOYMENT_TARGET = 8.0;
				LD_RUNPATH_SEARCH_PATHS = "$(inherited) @executable_path/Frameworks @loader_path/Frameworks";
				PRODUCT_BUNDLE_IDENTIFIER = me.vinhn.NVActivityIndicatorViewTests;
				PRODUCT_NAME = "$(TARGET_NAME)";
				SWIFT_VERSION = 3.0;
				TEST_HOST = "$(BUILT_PRODUCTS_DIR)/NVActivityIndicatorViewDemo.app/NVActivityIndicatorViewDemo";
			};
			name = Debug;
		};
		23FB13581D76D5370096EBE3 /* Release */ = {
			isa = XCBuildConfiguration;
			buildSettings = {
				CLANG_ANALYZER_NONNULL = YES;
				INFOPLIST_FILE = NVActivityIndicatorViewTests/Info.plist;
				IPHONEOS_DEPLOYMENT_TARGET = 8.0;
				LD_RUNPATH_SEARCH_PATHS = "$(inherited) @executable_path/Frameworks @loader_path/Frameworks";
				PRODUCT_BUNDLE_IDENTIFIER = me.vinhn.NVActivityIndicatorViewTests;
				PRODUCT_NAME = "$(TARGET_NAME)";
				SWIFT_VERSION = 3.0;
				TEST_HOST = "$(BUILT_PRODUCTS_DIR)/NVActivityIndicatorViewDemo.app/NVActivityIndicatorViewDemo";
			};
			name = Release;
		};
		90A879431BA554A0001C8989 /* Debug */ = {
			isa = XCBuildConfiguration;
			buildSettings = {
				"CODE_SIGN_IDENTITY[sdk=iphoneos*]" = "";
				CURRENT_PROJECT_VERSION = 1;
				DEFINES_MODULE = YES;
				DYLIB_COMPATIBILITY_VERSION = 1;
				DYLIB_CURRENT_VERSION = 1;
				DYLIB_INSTALL_NAME_BASE = "@rpath";
				GCC_PREPROCESSOR_DEFINITIONS = (
					"DEBUG=1",
					"$(inherited)",
				);
				INFOPLIST_FILE = NVActivityIndicatorView/Info.plist;
				INSTALL_PATH = "$(LOCAL_LIBRARY_DIR)/Frameworks";
				LD_RUNPATH_SEARCH_PATHS = "$(inherited) @executable_path/Frameworks @loader_path/Frameworks";
				PRODUCT_BUNDLE_IDENTIFIER = "me.nvin.$(PRODUCT_NAME:rfc1034identifier)";
				PRODUCT_NAME = "$(TARGET_NAME)";
				SKIP_INSTALL = YES;
				SWIFT_VERSION = 3.0;
				TARGETED_DEVICE_FAMILY = "1,2";
				VERSIONING_SYSTEM = "apple-generic";
				VERSION_INFO_PREFIX = "";
			};
			name = Debug;
		};
		90A879441BA554A0001C8989 /* Release */ = {
			isa = XCBuildConfiguration;
			buildSettings = {
				"CODE_SIGN_IDENTITY[sdk=iphoneos*]" = "";
				CURRENT_PROJECT_VERSION = 1;
				DEFINES_MODULE = YES;
				DYLIB_COMPATIBILITY_VERSION = 1;
				DYLIB_CURRENT_VERSION = 1;
				DYLIB_INSTALL_NAME_BASE = "@rpath";
				INFOPLIST_FILE = NVActivityIndicatorView/Info.plist;
				INSTALL_PATH = "$(LOCAL_LIBRARY_DIR)/Frameworks";
				LD_RUNPATH_SEARCH_PATHS = "$(inherited) @executable_path/Frameworks @loader_path/Frameworks";
				PRODUCT_BUNDLE_IDENTIFIER = "me.nvin.$(PRODUCT_NAME:rfc1034identifier)";
				PRODUCT_NAME = "$(TARGET_NAME)";
				SKIP_INSTALL = YES;
				SWIFT_VERSION = 3.0;
				TARGETED_DEVICE_FAMILY = "1,2";
				VERSIONING_SYSTEM = "apple-generic";
				VERSION_INFO_PREFIX = "";
			};
			name = Release;
		};
/* End XCBuildConfiguration section */

/* Begin XCConfigurationList section */
		239CAB1B1B5EBB2E0051DC06 /* Build configuration list for PBXProject "NVActivityIndicatorView" */ = {
			isa = XCConfigurationList;
			buildConfigurations = (
				239CAB3D1B5EBB2E0051DC06 /* Debug */,
				239CAB3E1B5EBB2E0051DC06 /* Release */,
			);
			defaultConfigurationIsVisible = 0;
			defaultConfigurationName = Release;
		};
		239CAB3F1B5EBB2E0051DC06 /* Build configuration list for PBXNativeTarget "NVActivityIndicatorViewDemo" */ = {
			isa = XCConfigurationList;
			buildConfigurations = (
				239CAB401B5EBB2E0051DC06 /* Debug */,
				239CAB411B5EBB2E0051DC06 /* Release */,
			);
			defaultConfigurationIsVisible = 0;
			defaultConfigurationName = Release;
		};
		23FB13591D76D5370096EBE3 /* Build configuration list for PBXNativeTarget "NVActivityIndicatorViewTests" */ = {
			isa = XCConfigurationList;
			buildConfigurations = (
				23FB13571D76D5370096EBE3 /* Debug */,
				23FB13581D76D5370096EBE3 /* Release */,
			);
			defaultConfigurationIsVisible = 0;
			defaultConfigurationName = Release;
		};
		90A879421BA554A0001C8989 /* Build configuration list for PBXNativeTarget "NVActivityIndicatorView" */ = {
			isa = XCConfigurationList;
			buildConfigurations = (
				90A879431BA554A0001C8989 /* Debug */,
				90A879441BA554A0001C8989 /* Release */,
			);
			defaultConfigurationIsVisible = 0;
			defaultConfigurationName = Release;
		};
/* End XCConfigurationList section */
	};
	rootObject = 239CAB181B5EBB2E0051DC06 /* Project object */;
}
