PODS:
  - NVActivityIndicatorView (3.6.1)

DEPENDENCIES:
  - NVActivityIndicatorView (from `../`)

EXTERNAL SOURCES:
  NVActivityIndicatorView:
    :path: "../"

SPEC CHECKSUMS:
  NVActivityIndicatorView: 34402f10e75edcb7a53ced5294b5d740d51bcd55

PODFILE CHECKSUM: 3c8875bfa73570fc779310953caaa2fbf0cab8f5

COCOAPODS: 1.2.0
